{
  "name": "lesson_zp",
  "lockfileVersion": 3,
  "requires": true,
  "packages": {
    "": {
      "dependencies": {
        "dotenv": "^17.2.3",
        "openai": "^6.8.1",
        "vant-weapp": "^0.5.29"
      }
    },
    "node_modules/dotenv": {
      "version": "17.2.3",
      "resolved": "https://registry.npmmirror.com/dotenv/-/dotenv-17.2.3.tgz",
      "integrity": "sha512-JVUnt+DUIzu87TABbhPmNfVdBDt18BLOWjMUFJMSi/Qqg7NTYtabbvSNJGOJ7afbRuv9D/lngizHtP7QyLQ+9w==",
      "license": "BSD-2-Clause",
      "engines": {
        "node": ">=12"
      },
      "funding": {
        "url": "https://dotenvx.com"
      }
    },
    "node_modules/openai": {
      "version": "6.9.0",
      "resolved": "https://registry.npmmirror.com/openai/-/openai-6.9.0.tgz",
      "integrity": "sha512-n2sJRYmM+xfJ0l3OfH8eNnIyv3nQY7L08gZQu3dw6wSdfPtKAk92L83M2NIP5SS8Cl/bsBBG3yKzEOjkx0O+7A==",
      "license": "Apache-2.0",
      "bin": {
        "openai": "bin/cli"
      },
      "peerDependencies": {
        "ws": "^8.18.0",
        "zod": "^3.25 || ^4.0"
      },
      "peerDependenciesMeta": {
        "ws": {
          "optional": true
        },
        "zod": {
          "optional": true
        }
      }
    },
    "node_modules/vant-weapp": {
      "version": "0.5.29",
      "resolved": "https://registry.npmjs.org/vant-weapp/-/vant-weapp-0.5.29.tgz",
      "integrity": "sha512-RMc0Ga914XFwspw2WuOMU8bOHlIkua8X1DoQ/KPnGQzjwT1uEL4S7W186EmaHF1wN2krB9BVd0LdRRt39dGh6Q==",
      "license": "MIT"
    }
  }
}
